lockfileVersion: 5.3

specifiers:
  '@emreditor/cursor': ^0.0.30
  '@emreditor/main': ^0.0.30
  '@emreditor/print': ^0.0.30
  '@emreditor/text': ^0.0.30
  '@vitejs/plugin-vue': ^2.3.1
  primeflex: ^3.1.3
  primeicons: ^5.0.0
  primevue: ^3.12.5
  typescript: ^4.5.4
  vite: ^2.9.5
  vue: ^3.2.25
  vue-tsc: ^0.34.7

dependencies:
  '@emreditor/cursor': 0.0.30_vue@3.2.33
  '@emreditor/main': 0.0.30_vue@3.2.33
  '@emreditor/print': 0.0.30_vue@3.2.33
  '@emreditor/text': 0.0.30_vue@3.2.33
  primeflex: 3.1.3
  primeicons: 5.0.0
  primevue: 3.12.5_primeicons@5.0.0+vue@3.2.33
  vue: 3.2.33

devDependencies:
  '@vitejs/plugin-vue': 2.3.1_vite@2.9.5+vue@3.2.33
  typescript: 4.6.3
  vite: 2.9.5
  vue-tsc: 0.34.9_typescript@4.6.3

packages:

  /@aesoper/normal-utils/0.1.5:
    resolution: {integrity: sha512-LFF/6y6h5mfwhnJaWqqxuC8zzDaHCG62kMRkd8xhDtq62TQj9dM17A9DhE87W7DhiARJsHLgcina/9P4eNCN1w==}
    dev: false

  /@babel/parser/7.17.9:
    resolution: {integrity: sha512-vqUSBLP8dQHFPdPi9bc5GK9vRkYHJ49fsZdtoJ8EQ8ibpwk5rPKfvNIwChB0KVXcIjcepEBBd2VHC5r9Gy8ueg==}
    engines: {node: '>=6.0.0'}
    hasBin: true

  /@emreditor/colorpicker/0.0.30_vue@3.2.33:
    resolution: {integrity: sha512-dkTdlIIOLEf+zfwq9lQZazBmkmtLhu3ytGDpRVGiMK2Er5X4iESUqkO5M7Qd4vcjsiZTYE3pJAyQ36sEYuyY5w==}
    dependencies:
      '@vueuse/core': 8.3.1_vue@3.2.33
      vue3-colorpicker: 2.0.4_vue@3.2.33
    transitivePeerDependencies:
      - '@vue/compiler-sfc'
      - '@vue/composition-api'
      - vue
    dev: false

  /@emreditor/container/0.0.30_vue@3.2.33:
    resolution: {integrity: sha512-2jtMVq4QfOpL6+uoF/qGRbIDNhr2+/ankEMc8u6s/5ItDSfAJpOwLQdgAur5WBI+jL1mvhZRMpozoydQ9NNk9Q==}
    dependencies:
      '@emreditor/main': 0.0.30_vue@3.2.33
      '@emreditor/store': 0.0.30_vue@3.2.33
    transitivePeerDependencies:
      - '@vue/composition-api'
      - vue
    dev: false

  /@emreditor/cursor/0.0.30_vue@3.2.33:
    resolution: {integrity: sha512-P+oeqZ21CFnW4WRpkTLDp5VPdfc9vniFuzR2Bhlh/xUs6qnQAPb61dXQi21KnK+cBCAmBHgz5h4l1hgxNv3wRQ==}
    dependencies:
      '@emreditor/container': 0.0.30_vue@3.2.33
      '@emreditor/main': 0.0.30_vue@3.2.33
      '@emreditor/store': 0.0.30_vue@3.2.33
      '@emreditor/utils': 0.0.30_vue@3.2.33
      '@vueuse/core': 8.3.1_vue@3.2.33
    transitivePeerDependencies:
      - '@vue/composition-api'
      - vue
    dev: false

  /@emreditor/jsons/0.0.30_vue@3.2.33:
    resolution: {integrity: sha512-pSL+8a0KE3dR1f5+U0zbvJf0VQ/11rxvJnjPk9tEHkLZ5E3Ct0HEDiE+c112Zgo5ON3jb/1NH3h8yomu88f9FQ==}
    dependencies:
      '@emreditor/container': 0.0.30_vue@3.2.33
      '@emreditor/main': 0.0.30_vue@3.2.33
    transitivePeerDependencies:
      - '@vue/composition-api'
      - vue
    dev: false

  /@emreditor/main/0.0.30_vue@3.2.33:
    resolution: {integrity: sha512-UVoAPlIigQ8d/Ty1boJrrXBMMMtWjRA2VteKFhRRx4AplW9WEHJ8V0e4wuxR0lIuYPJ1y4dUMrnN3LooOnvfKA==}
    dependencies:
      '@emreditor/utils': 0.0.30_vue@3.2.33
      '@types/uuid': 8.3.4
      '@vueuse/core': 8.3.1_vue@3.2.33
      uuid: 8.3.2
    transitivePeerDependencies:
      - '@vue/composition-api'
      - vue
    dev: false

  /@emreditor/print/0.0.30_vue@3.2.33:
    resolution: {integrity: sha512-IvnzAtOItPnXB1Xz7UBg0n9pVpw7Yks/CnBNj2weeXR9p8zyVIA+EttyDPVus/9BZmkuBZc/7qq12vx4jaCUfw==}
    dependencies:
      '@emreditor/colorpicker': 0.0.30_vue@3.2.33
      '@emreditor/container': 0.0.30_vue@3.2.33
      '@emreditor/jsons': 0.0.30_vue@3.2.33
      '@emreditor/main': 0.0.30_vue@3.2.33
      '@emreditor/store': 0.0.30_vue@3.2.33
      '@emreditor/text': 0.0.30_vue@3.2.33
      '@vueuse/core': 8.3.1_vue@3.2.33
      uuid: 8.3.2
    transitivePeerDependencies:
      - '@vue/compiler-sfc'
      - '@vue/composition-api'
      - vue
    dev: false

  /@emreditor/store/0.0.30_vue@3.2.33:
    resolution: {integrity: sha512-M37D9+xlAcKZaOdLDGY1Vf4Ooj4rHnRmM3bNQvXntkCZXXpRCvhF8ItRPy/39vh3iJ6lYi/BuE8nuGJkOHdUvA==}
    dependencies:
      '@emreditor/main': 0.0.30_vue@3.2.33
      immer: 9.0.12
      rfc6902: 5.0.1
    transitivePeerDependencies:
      - '@vue/composition-api'
      - vue
    dev: false

  /@emreditor/text/0.0.30_vue@3.2.33:
    resolution: {integrity: sha512-+4XH/BFHjFp4YMzrNVN/v4rjmDi5Urv0MPzlTZnrTsc26tq13CgePmHl2c8EeOMBCfvpsWcMdkKgLt44gfyLTA==}
    dependencies:
      '@emreditor/container': 0.0.30_vue@3.2.33
      '@emreditor/store': 0.0.30_vue@3.2.33
      morphdom: 2.6.1
    transitivePeerDependencies:
      - '@vue/composition-api'
      - vue
    dev: false

  /@emreditor/utils/0.0.30_vue@3.2.33:
    resolution: {integrity: sha512-prj1pD74NqH0idMgUN9NlyvfU47IrtkFUJKhkTaE6dM4U473BElYo17kCET0/fg8AsnE+MciyW4VjE/lCS7PfA==}
    dependencies:
      '@emreditor/main': 0.0.30_vue@3.2.33
      '@types/js-base64': 3.3.1
      js-base64: 3.7.2
    transitivePeerDependencies:
      - '@vue/composition-api'
      - vue
    dev: false

  /@popperjs/core/2.11.5:
    resolution: {integrity: sha512-9X2obfABZuDVLCgPK9aX0a/x4jaOEweTTWE2+9sr0Qqqevj2Uv5XorvusThmc9XGYpS9yI+fhh8RTafBtGposw==}
    dev: false

  /@types/js-base64/3.3.1:
    resolution: {integrity: sha512-Zw33oQNAvDdAN9b0IE5stH0y2MylYvtU7VVTKEJPxhyM2q57CVaNJhtJW258ah24NRtaiA23tptUmVn3dmTKpw==}
    deprecated: This is a stub types definition. js-base64 provides its own type definitions, so you do not need this installed.
    dependencies:
      js-base64: 3.7.2
    dev: false

  /@types/uuid/8.3.4:
    resolution: {integrity: sha512-c/I8ZRb51j+pYGAu5CrFMRxqZ2ke4y2grEBO5AUjgSkSk+qT2Ea+OdWElz/OiMf5MNpn2b17kuVBwZLQJXzihw==}
    dev: false

  /@vitejs/plugin-vue/2.3.1_vite@2.9.5+vue@3.2.33:
    resolution: {integrity: sha512-YNzBt8+jt6bSwpt7LP890U1UcTOIZZxfpE5WOJ638PNxSEKOqAi0+FSKS0nVeukfdZ0Ai/H7AFd6k3hayfGZqQ==}
    engines: {node: '>=12.0.0'}
    peerDependencies:
      vite: ^2.5.10
      vue: ^3.2.25
    dependencies:
      vite: 2.9.5
      vue: 3.2.33
    dev: true

  /@volar/code-gen/0.34.9:
    resolution: {integrity: sha512-LHkuA4VfjeMjouMyE5LkQyr/q7BBBL+RnpV+4xLN5ad2fW639vUlJKK8JIx6DswMlmLSF88N5s4WFGFmLcl40g==}
    dependencies:
      '@volar/source-map': 0.34.9
    dev: true

  /@volar/source-map/0.34.9:
    resolution: {integrity: sha512-+n1hb6SPKV6Y/MNDYAO9uwB+oSDmoVlFVuYrb6QiZnLowqjB9WSoDg31GRHGNjfepjTruOiAkKa3bLMc0rFsOg==}
    dev: true

  /@volar/vue-code-gen/0.34.9:
    resolution: {integrity: sha512-84XExk3rUU59QbJxkQq6xkHb6a3kXBNNeYSGS1+H+GMqx4z3BYa9MnQ0KvfUEM1Nnjyn+IA8RmbuQJMR7POlNw==}
    dependencies:
      '@volar/code-gen': 0.34.9
      '@volar/source-map': 0.34.9
      '@vue/compiler-core': 3.2.33
      '@vue/compiler-dom': 3.2.33
      '@vue/shared': 3.2.33
    dev: true

  /@volar/vue-typescript/0.34.9:
    resolution: {integrity: sha512-+SqUBcXkccrYJlCQAZ5fn9SA9v9pV2fpMblsG44/GTVEopQmgUU2PMby/9RsavEcbl0Byyrv2627Sl5ILC318A==}
    dependencies:
      '@volar/code-gen': 0.34.9
      '@volar/source-map': 0.34.9
      '@volar/vue-code-gen': 0.34.9
      '@vue/compiler-sfc': 3.2.33
      '@vue/reactivity': 3.2.33
    dev: true

  /@vue/compiler-core/3.2.33:
    resolution: {integrity: sha512-AAmr52ji3Zhk7IKIuigX2osWWsb2nQE5xsdFYjdnmtQ4gymmqXbjLvkSE174+fF3A3kstYrTgGkqgOEbsdLDpw==}
    dependencies:
      '@babel/parser': 7.17.9
      '@vue/shared': 3.2.33
      estree-walker: 2.0.2
      source-map: 0.6.1

  /@vue/compiler-dom/3.2.33:
    resolution: {integrity: sha512-GhiG1C8X98Xz9QUX/RlA6/kgPBWJkjq0Rq6//5XTAGSYrTMBgcLpP9+CnlUg1TFxnnCVughAG+KZl28XJqw8uQ==}
    dependencies:
      '@vue/compiler-core': 3.2.33
      '@vue/shared': 3.2.33

  /@vue/compiler-sfc/3.2.33:
    resolution: {integrity: sha512-H8D0WqagCr295pQjUYyO8P3IejM3vEzeCO1apzByAEaAR/WimhMYczHfZVvlCE/9yBaEu/eu9RdiWr0kF8b71Q==}
    dependencies:
      '@babel/parser': 7.17.9
      '@vue/compiler-core': 3.2.33
      '@vue/compiler-dom': 3.2.33
      '@vue/compiler-ssr': 3.2.33
      '@vue/reactivity-transform': 3.2.33
      '@vue/shared': 3.2.33
      estree-walker: 2.0.2
      magic-string: 0.25.9
      postcss: 8.4.12
      source-map: 0.6.1

  /@vue/compiler-ssr/3.2.33:
    resolution: {integrity: sha512-XQh1Xdk3VquDpXsnoCd7JnMoWec9CfAzQDQsaMcSU79OrrO2PNR0ErlIjm/mGq3GmBfkQjzZACV+7GhfRB8xMQ==}
    dependencies:
      '@vue/compiler-dom': 3.2.33
      '@vue/shared': 3.2.33

  /@vue/reactivity-transform/3.2.33:
    resolution: {integrity: sha512-4UL5KOIvSQb254aqenW4q34qMXbfZcmEsV/yVidLUgvwYQQ/D21bGX3DlgPUGI3c4C+iOnNmDCkIxkILoX/Pyw==}
    dependencies:
      '@babel/parser': 7.17.9
      '@vue/compiler-core': 3.2.33
      '@vue/shared': 3.2.33
      estree-walker: 2.0.2
      magic-string: 0.25.9

  /@vue/reactivity/3.2.33:
    resolution: {integrity: sha512-62Sq0mp9/0bLmDuxuLD5CIaMG2susFAGARLuZ/5jkU1FCf9EDbwUuF+BO8Ub3Rbodx0ziIecM/NsmyjardBxfQ==}
    dependencies:
      '@vue/shared': 3.2.33

  /@vue/runtime-core/3.2.33:
    resolution: {integrity: sha512-N2D2vfaXsBPhzCV3JsXQa2NECjxP3eXgZlFqKh4tgakp3iX6LCGv76DLlc+IfFZq+TW10Y8QUfeihXOupJ1dGw==}
    dependencies:
      '@vue/reactivity': 3.2.33
      '@vue/shared': 3.2.33
    dev: false

  /@vue/runtime-dom/3.2.33:
    resolution: {integrity: sha512-LSrJ6W7CZTSUygX5s8aFkraDWlO6K4geOwA3quFF2O+hC3QuAMZt/0Xb7JKE3C4JD4pFwCSO7oCrZmZ0BIJUnw==}
    dependencies:
      '@vue/runtime-core': 3.2.33
      '@vue/shared': 3.2.33
      csstype: 2.6.20
    dev: false

  /@vue/server-renderer/3.2.33_vue@3.2.33:
    resolution: {integrity: sha512-4jpJHRD4ORv8PlbYi+/MfP8ec1okz6rybe36MdpkDrGIdEItHEUyaHSKvz+ptNEyQpALmmVfRteHkU9F8vxOew==}
    peerDependencies:
      vue: 3.2.33
    dependencies:
      '@vue/compiler-ssr': 3.2.33
      '@vue/shared': 3.2.33
      vue: 3.2.33
    dev: false

  /@vue/shared/3.2.33:
    resolution: {integrity: sha512-UBc1Pg1T3yZ97vsA2ueER0F6GbJebLHYlEi4ou1H5YL4KWvMOOWwpYo9/QpWq93wxKG6Wo13IY74Hcn/f7c7Bg==}

  /@vueuse/core/6.9.2_vue@3.2.33:
    resolution: {integrity: sha512-FRwl4ccSFuHZBHLGgS9TMv/+Dd6XFaL4o9nph2qtgQIV+z29RBFokw08XjHfykiENRzB01MjYHJ7iRUnsIFQXg==}
    peerDependencies:
      '@vue/composition-api': ^1.1.0
      vue: ^2.6.0 || ^3.2.0
    peerDependenciesMeta:
      '@vue/composition-api':
        optional: true
      vue:
        optional: true
    dependencies:
      '@vueuse/shared': 6.9.2_vue@3.2.33
      vue: 3.2.33
      vue-demi: 0.12.5_vue@3.2.33
    dev: false

  /@vueuse/core/8.3.1_vue@3.2.33:
    resolution: {integrity: sha512-WiXUgVyPG9elGx3G8UV8g+zqbEJ2hYacrPICogAxDdW6hnxxcUFdF7FtvDroJ/DxWmo2pg8XNNz07ybfnZyJbw==}
    peerDependencies:
      '@vue/composition-api': ^1.1.0
      vue: ^2.6.0 || ^3.2.0
    peerDependenciesMeta:
      '@vue/composition-api':
        optional: true
      vue:
        optional: true
    dependencies:
      '@vueuse/metadata': 8.3.1
      '@vueuse/shared': 8.3.1_vue@3.2.33
      vue: 3.2.33
      vue-demi: 0.12.5_vue@3.2.33
    dev: false

  /@vueuse/metadata/8.3.1:
    resolution: {integrity: sha512-1aZaFL44HzXXkfN6Q7KMDOXBFKTHDClHlOJBxtN8rTBXIIScoGOrJCpxWiQ4kuVg95MzG/pHrd3P4wd8poL9XQ==}
    dev: false

  /@vueuse/shared/6.9.2_vue@3.2.33:
    resolution: {integrity: sha512-lAiMh6XROs0kSKVd0Yb/6GKoQMxC1fYrFDi6opvQWISPtcqRNluRrQxLUZ3WTI78ovtoKRLktjhkFAtydcfFDg==}
    peerDependencies:
      '@vue/composition-api': ^1.1.0
      vue: ^2.6.0 || ^3.2.0
    peerDependenciesMeta:
      '@vue/composition-api':
        optional: true
      vue:
        optional: true
    dependencies:
      vue: 3.2.33
      vue-demi: 0.12.5_vue@3.2.33
    dev: false

  /@vueuse/shared/8.3.1_vue@3.2.33:
    resolution: {integrity: sha512-7HKLCcxp4dtONq6QSSoavblo9riYgqzw7jhqiC0/VUYMXKzqj1G/GznOzTmY8Wi8uKKT197JqjKQ1DKt2j/0+A==}
    peerDependencies:
      '@vue/composition-api': ^1.1.0
      vue: ^2.6.0 || ^3.2.0
    peerDependenciesMeta:
      '@vue/composition-api':
        optional: true
      vue:
        optional: true
    dependencies:
      vue: 3.2.33
      vue-demi: 0.12.5_vue@3.2.33
    dev: false

  /csstype/2.6.20:
    resolution: {integrity: sha512-/WwNkdXfckNgw6S5R125rrW8ez139lBHWouiBvX8dfMFtcn6V81REDqnH7+CRpRipfYlyU1CmOnOxrmGcFOjeA==}
    dev: false

  /esbuild-android-64/0.14.38:
    resolution: {integrity: sha512-aRFxR3scRKkbmNuGAK+Gee3+yFxkTJO/cx83Dkyzo4CnQl/2zVSurtG6+G86EQIZ+w+VYngVyK7P3HyTBKu3nw==}
    engines: {node: '>=12'}
    cpu: [x64]
    os: [android]
    requiresBuild: true
    dev: true
    optional: true

  /esbuild-android-arm64/0.14.38:
    resolution: {integrity: sha512-L2NgQRWuHFI89IIZIlpAcINy9FvBk6xFVZ7xGdOwIm8VyhX1vNCEqUJO3DPSSy945Gzdg98cxtNt8Grv1CsyhA==}
    engines: {node: '>=12'}
    cpu: [arm64]
    os: [android]
    requiresBuild: true
    dev: true
    optional: true

  /esbuild-darwin-64/0.14.38:
    resolution: {integrity: sha512-5JJvgXkX87Pd1Og0u/NJuO7TSqAikAcQQ74gyJ87bqWRVeouky84ICoV4sN6VV53aTW+NE87qLdGY4QA2S7KNA==}
    engines: {node: '>=12'}
    cpu: [x64]
    os: [darwin]
    requiresBuild: true
    dev: true
    optional: true

  /esbuild-darwin-arm64/0.14.38:
    resolution: {integrity: sha512-eqF+OejMI3mC5Dlo9Kdq/Ilbki9sQBw3QlHW3wjLmsLh+quNfHmGMp3Ly1eWm981iGBMdbtSS9+LRvR2T8B3eQ==}
    engines: {node: '>=12'}
    cpu: [arm64]
    os: [darwin]
    requiresBuild: true
    dev: true
    optional: true

  /esbuild-freebsd-64/0.14.38:
    resolution: {integrity: sha512-epnPbhZUt93xV5cgeY36ZxPXDsQeO55DppzsIgWM8vgiG/Rz+qYDLmh5ts3e+Ln1wA9dQ+nZmVHw+RjaW3I5Ig==}
    engines: {node: '>=12'}
    cpu: [x64]
    os: [freebsd]
    requiresBuild: true
    dev: true
    optional: true

  /esbuild-freebsd-arm64/0.14.38:
    resolution: {integrity: sha512-/9icXUYJWherhk+y5fjPI5yNUdFPtXHQlwP7/K/zg8t8lQdHVj20SqU9/udQmeUo5pDFHMYzcEFfJqgOVeKNNQ==}
    engines: {node: '>=12'}
    cpu: [arm64]
    os: [freebsd]
    requiresBuild: true
    dev: true
    optional: true

  /esbuild-linux-32/0.14.38:
    resolution: {integrity: sha512-QfgfeNHRFvr2XeHFzP8kOZVnal3QvST3A0cgq32ZrHjSMFTdgXhMhmWdKzRXP/PKcfv3e2OW9tT9PpcjNvaq6g==}
    engines: {node: '>=12'}
    cpu: [ia32]
    os: [linux]
    requiresBuild: true
    dev: true
    optional: true

  /esbuild-linux-64/0.14.38:
    resolution: {integrity: sha512-uuZHNmqcs+Bj1qiW9k/HZU3FtIHmYiuxZ/6Aa+/KHb/pFKr7R3aVqvxlAudYI9Fw3St0VCPfv7QBpUITSmBR1Q==}
    engines: {node: '>=12'}
    cpu: [x64]
    os: [linux]
    requiresBuild: true
    dev: true
    optional: true

  /esbuild-linux-arm/0.14.38:
    resolution: {integrity: sha512-FiFvQe8J3VKTDXG01JbvoVRXQ0x6UZwyrU4IaLBZeq39Bsbatd94Fuc3F1RGqPF5RbIWW7RvkVQjn79ejzysnA==}
    engines: {node: '>=12'}
    cpu: [arm]
    os: [linux]
    requiresBuild: true
    dev: true
    optional: true

  /esbuild-linux-arm64/0.14.38:
    resolution: {integrity: sha512-HlMGZTEsBrXrivr64eZ/EO0NQM8H8DuSENRok9d+Jtvq8hOLzrxfsAT9U94K3KOGk2XgCmkaI2KD8hX7F97lvA==}
    engines: {node: '>=12'}
    cpu: [arm64]
    os: [linux]
    requiresBuild: true
    dev: true
    optional: true

  /esbuild-linux-mips64le/0.14.38:
    resolution: {integrity: sha512-qd1dLf2v7QBiI5wwfil9j0HG/5YMFBAmMVmdeokbNAMbcg49p25t6IlJFXAeLzogv1AvgaXRXvgFNhScYEUXGQ==}
    engines: {node: '>=12'}
    cpu: [mips64el]
    os: [linux]
    requiresBuild: true
    dev: true
    optional: true

  /esbuild-linux-ppc64le/0.14.38:
    resolution: {integrity: sha512-mnbEm7o69gTl60jSuK+nn+pRsRHGtDPfzhrqEUXyCl7CTOCLtWN2bhK8bgsdp6J/2NyS/wHBjs1x8aBWwP2X9Q==}
    engines: {node: '>=12'}
    cpu: [ppc64]
    os: [linux]
    requiresBuild: true
    dev: true
    optional: true

  /esbuild-linux-riscv64/0.14.38:
    resolution: {integrity: sha512-+p6YKYbuV72uikChRk14FSyNJZ4WfYkffj6Af0/Tw63/6TJX6TnIKE+6D3xtEc7DeDth1fjUOEqm+ApKFXbbVQ==}
    engines: {node: '>=12'}
    cpu: [riscv64]
    os: [linux]
    requiresBuild: true
    dev: true
    optional: true

  /esbuild-linux-s390x/0.14.38:
    resolution: {integrity: sha512-0zUsiDkGJiMHxBQ7JDU8jbaanUY975CdOW1YDrurjrM0vWHfjv9tLQsW9GSyEb/heSK1L5gaweRjzfUVBFoybQ==}
    engines: {node: '>=12'}
    cpu: [s390x]
    os: [linux]
    requiresBuild: true
    dev: true
    optional: true

  /esbuild-netbsd-64/0.14.38:
    resolution: {integrity: sha512-cljBAApVwkpnJZfnRVThpRBGzCi+a+V9Ofb1fVkKhtrPLDYlHLrSYGtmnoTVWDQdU516qYI8+wOgcGZ4XIZh0Q==}
    engines: {node: '>=12'}
    cpu: [x64]
    os: [netbsd]
    requiresBuild: true
    dev: true
    optional: true

  /esbuild-openbsd-64/0.14.38:
    resolution: {integrity: sha512-CDswYr2PWPGEPpLDUO50mL3WO/07EMjnZDNKpmaxUPsrW+kVM3LoAqr/CE8UbzugpEiflYqJsGPLirThRB18IQ==}
    engines: {node: '>=12'}
    cpu: [x64]
    os: [openbsd]
    requiresBuild: true
    dev: true
    optional: true

  /esbuild-sunos-64/0.14.38:
    resolution: {integrity: sha512-2mfIoYW58gKcC3bck0j7lD3RZkqYA7MmujFYmSn9l6TiIcAMpuEvqksO+ntBgbLep/eyjpgdplF7b+4T9VJGOA==}
    engines: {node: '>=12'}
    cpu: [x64]
    os: [sunos]
    requiresBuild: true
    dev: true
    optional: true

  /esbuild-windows-32/0.14.38:
    resolution: {integrity: sha512-L2BmEeFZATAvU+FJzJiRLFUP+d9RHN+QXpgaOrs2klshoAm1AE6Us4X6fS9k33Uy5SzScn2TpcgecbqJza1Hjw==}
    engines: {node: '>=12'}
    cpu: [ia32]
    os: [win32]
    requiresBuild: true
    dev: true
    optional: true

  /esbuild-windows-64/0.14.38:
    resolution: {integrity: sha512-Khy4wVmebnzue8aeSXLC+6clo/hRYeNIm0DyikoEqX+3w3rcvrhzpoix0S+MF9vzh6JFskkIGD7Zx47ODJNyCw==}
    engines: {node: '>=12'}
    cpu: [x64]
    os: [win32]
    requiresBuild: true
    dev: true
    optional: true

  /esbuild-windows-arm64/0.14.38:
    resolution: {integrity: sha512-k3FGCNmHBkqdJXuJszdWciAH77PukEyDsdIryEHn9cKLQFxzhT39dSumeTuggaQcXY57UlmLGIkklWZo2qzHpw==}
    engines: {node: '>=12'}
    cpu: [arm64]
    os: [win32]
    requiresBuild: true
    dev: true
    optional: true

  /esbuild/0.14.38:
    resolution: {integrity: sha512-12fzJ0fsm7gVZX1YQ1InkOE5f9Tl7cgf6JPYXRJtPIoE0zkWAbHdPHVPPaLi9tYAcEBqheGzqLn/3RdTOyBfcA==}
    engines: {node: '>=12'}
    hasBin: true
    requiresBuild: true
    optionalDependencies:
      esbuild-android-64: 0.14.38
      esbuild-android-arm64: 0.14.38
      esbuild-darwin-64: 0.14.38
      esbuild-darwin-arm64: 0.14.38
      esbuild-freebsd-64: 0.14.38
      esbuild-freebsd-arm64: 0.14.38
      esbuild-linux-32: 0.14.38
      esbuild-linux-64: 0.14.38
      esbuild-linux-arm: 0.14.38
      esbuild-linux-arm64: 0.14.38
      esbuild-linux-mips64le: 0.14.38
      esbuild-linux-ppc64le: 0.14.38
      esbuild-linux-riscv64: 0.14.38
      esbuild-linux-s390x: 0.14.38
      esbuild-netbsd-64: 0.14.38
      esbuild-openbsd-64: 0.14.38
      esbuild-sunos-64: 0.14.38
      esbuild-windows-32: 0.14.38
      esbuild-windows-64: 0.14.38
      esbuild-windows-arm64: 0.14.38
    dev: true

  /estree-walker/2.0.2:
    resolution: {integrity: sha512-Rfkk/Mp/DL7JVje3u18FxFujQlTNR2q6QfMSMB7AvCBx91NGj/ba3kCfza0f6dVDbw7YlRf/nDrn7pQrCCyQ/w==}

  /fsevents/2.3.2:
    resolution: {integrity: sha512-xiqMQR4xAeHTuB9uWm+fFRcIOgKBMiOBP+eXiyT7jsgVCq1bkVygt00oASowB7EdtpOHaaPgKt812P9ab+DDKA==}
    engines: {node: ^8.16.0 || ^10.6.0 || >=11.0.0}
    os: [darwin]
    requiresBuild: true
    dev: true
    optional: true

  /function-bind/1.1.1:
    resolution: {integrity: sha512-yIovAzMX49sF8Yl58fSCWJ5svSLuaibPxXQJFLmBObTuCr0Mf1KiPopGM9NiFjiYBCbfaa2Fh6breQ6ANVTI0A==}
    dev: true

  /gradient-parser/1.0.2:
    resolution: {integrity: sha512-gR6nY33xC9yJoH4wGLQtZQMXDi6RI3H37ERu7kQCVUzlXjNedpZM7xcA489Opwbq0BSGohtWGsWsntupmxelMg==}
    engines: {node: '>=0.10.0'}
    dev: false

  /has/1.0.3:
    resolution: {integrity: sha512-f2dvO0VU6Oej7RkWJGrehjbzMAjFp5/VKPp5tTpWIV4JHHZK1/BxbFRtf/siA2SWTe09caDmVtYYzWEIbBS4zw==}
    engines: {node: '>= 0.4.0'}
    dependencies:
      function-bind: 1.1.1
    dev: true

  /immer/9.0.12:
    resolution: {integrity: sha512-lk7UNmSbAukB5B6dh9fnh5D0bJTOFKxVg2cyJWTYrWRfhLrLMBquONcUs3aFq507hNoIZEDDh8lb8UtOizSMhA==}
    dev: false

  /is-core-module/2.9.0:
    resolution: {integrity: sha512-+5FPy5PnwmO3lvfMb0AsoPaBG+5KHUI0wYFXOtYPnVVVspTFUuMZNfNaNVRt3FZadstu2c8x23vykRW/NBoU6A==}
    dependencies:
      has: 1.0.3
    dev: true

  /is-plain-object/5.0.0:
    resolution: {integrity: sha512-VRSzKkbMm5jMDoKLbltAkFQ5Qr7VDiTFGXxYFXXowVj387GeGNOCsOH6Msy00SGZ3Fp84b1Naa1psqgcCIEP5Q==}
    engines: {node: '>=0.10.0'}
    dev: false

  /js-base64/3.7.2:
    resolution: {integrity: sha512-NnRs6dsyqUXejqk/yv2aiXlAvOs56sLkX6nUdeaNezI5LFFLlsZjOThmwnrcwh5ZZRwZlCMnVAY3CvhIhoVEKQ==}
    dev: false

  /lodash-es/4.17.21:
    resolution: {integrity: sha512-mKnC+QJ9pWVzv+C4/U3rRsHapFfHvQFoFB92e52xeyGMcX6/OlIl78je1u8vePzYZSkkogMPJ2yjxxsb89cxyw==}
    dev: false

  /magic-string/0.25.9:
    resolution: {integrity: sha512-RmF0AsMzgt25qzqqLc1+MbHmhdx0ojF2Fvs4XnOqz2ZOBXzzkEwc/dJQZCYHAn7v1jbVOjAZfK8msRn4BxO4VQ==}
    dependencies:
      sourcemap-codec: 1.4.8

  /morphdom/2.6.1:
    resolution: {integrity: sha512-Y8YRbAEP3eKykroIBWrjcfMw7mmwJfjhqdpSvoqinu8Y702nAwikpXcNFDiIkyvfCLxLM9Wu95RZqo4a9jFBaA==}
    dev: false

  /nanoid/3.3.3:
    resolution: {integrity: sha512-p1sjXuopFs0xg+fPASzQ28agW1oHD7xDsd9Xkf3T15H3c/cifrFHVwrh74PdoklAPi+i7MdRsE47vm2r6JoB+w==}
    engines: {node: ^10 || ^12 || ^13.7 || ^14 || >=15.0.1}
    hasBin: true

  /path-parse/1.0.7:
    resolution: {integrity: sha512-LDJzPVEEEPR+y48z93A0Ed0yXb8pAByGWo/k5YYdYgpY2/2EsOsksJrq7lOHxryrVOn1ejG6oAp8ahvOIQD8sw==}
    dev: true

  /performance-now/2.1.0:
    resolution: {integrity: sha1-Ywn04OX6kT7BxpMHrjZLSzd8nns=}
    dev: false

  /picocolors/1.0.0:
    resolution: {integrity: sha512-1fygroTLlHu66zi26VoTDv8yRgm0Fccecssto+MhsZ0D/DGW2sm8E8AjW7NU5VVTRt5GxbeZ5qBuJr+HyLYkjQ==}

  /postcss/8.4.12:
    resolution: {integrity: sha512-lg6eITwYe9v6Hr5CncVbK70SoioNQIq81nsaG86ev5hAidQvmOeETBqs7jm43K2F5/Ley3ytDtriImV6TpNiSg==}
    engines: {node: ^10 || ^12 || >=14}
    dependencies:
      nanoid: 3.3.3
      picocolors: 1.0.0
      source-map-js: 1.0.2

  /primeflex/3.1.3:
    resolution: {integrity: sha512-muJlyDPVEJNSoeOGLVx+dFbSzCnPRUcuKv8iAbGVhP47sIjstfgNdlhrZqUvJNaaSJSNxBBbITyOltI1sBqUqQ==}
    dev: false

  /primeicons/5.0.0:
    resolution: {integrity: sha512-heygWF0X5HFI1otlZE62pp6ye7sZ8om78J9au2BRkg8O7Y8AHTZ9qKMRzchZUHLe8zUAvdi6hZzzm9XxgwIExw==}
    dev: false

  /primevue/3.12.5_primeicons@5.0.0+vue@3.2.33:
    resolution: {integrity: sha512-WijT/EL/K4t1WQEr0eHPNkLhXxg7OgmHSzgpKZLqa56nel6uN2koVGVZ/7iZsmDtqoCtBu+xotzQSUc0nk/uXw==}
    peerDependencies:
      primeicons: ^5.0.0
      vue: ^3.0.0
    dependencies:
      primeicons: 5.0.0
      vue: 3.2.33
    dev: false

  /raf/3.4.1:
    resolution: {integrity: sha512-Sq4CW4QhwOHE8ucn6J34MqtZCeWFP2aQSmrlroYgqAV1PjStIhJXxYuTgUIfkEk7zTLjmIjLmU5q+fbD1NnOJA==}
    dependencies:
      performance-now: 2.1.0
    dev: false

  /resolve/1.22.0:
    resolution: {integrity: sha512-Hhtrw0nLeSrFQ7phPp4OOcVjLPIeMnRlr5mcnVuMe7M/7eBn98A3hmFRLoFo3DLZkivSYwhRUJTyPyWAk56WLw==}
    hasBin: true
    dependencies:
      is-core-module: 2.9.0
      path-parse: 1.0.7
      supports-preserve-symlinks-flag: 1.0.0
    dev: true

  /rfc6902/5.0.1:
    resolution: {integrity: sha512-tYGfLpKIq9X7lrt4o3IkD9w9bpeAtsejfAqWNR98AoxfTsZqCepKa8eDlRiX8QMiCOD9vMx0/YbKLx0G1nPi5w==}
    dev: false

  /rollup/2.70.2:
    resolution: {integrity: sha512-EitogNZnfku65I1DD5Mxe8JYRUCy0hkK5X84IlDtUs+O6JRMpRciXTzyCUuX11b5L5pvjH+OmFXiQ3XjabcXgg==}
    engines: {node: '>=10.0.0'}
    hasBin: true
    optionalDependencies:
      fsevents: 2.3.2
    dev: true

  /source-map-js/1.0.2:
    resolution: {integrity: sha512-R0XvVJ9WusLiqTCEiGCmICCMplcCkIwwR11mOSD9CR5u+IXYdiseeEuXCVAjS54zqwkLcPNnmU4OeJ6tUrWhDw==}
    engines: {node: '>=0.10.0'}

  /source-map/0.6.1:
    resolution: {integrity: sha512-UjgapumWlbMhkBgzT7Ykc5YXUT46F0iKu8SGXq0bcwP5dz/h0Plj6enJqjz1Zbq2l5WaqYnrVbwWOWMyF3F47g==}
    engines: {node: '>=0.10.0'}

  /sourcemap-codec/1.4.8:
    resolution: {integrity: sha512-9NykojV5Uih4lgo5So5dtw+f0JgJX30KCNI8gwhz2J9A15wD0Ml6tjHKwf6fTSa6fAdVBdZeNOs9eJ71qCk8vA==}

  /supports-preserve-symlinks-flag/1.0.0:
    resolution: {integrity: sha512-ot0WnXS9fgdkgIcePe6RHNk1WA8+muPa6cSjeR3V8K27q9BB1rTE3R1p7Hv0z1ZyAc8s6Vvv8DIyWf681MAt0w==}
    engines: {node: '>= 0.4'}
    dev: true

  /tinycolor2/1.4.2:
    resolution: {integrity: sha512-vJhccZPs965sV/L2sU4oRQVAos0pQXwsvTLkWYdqJ+a8Q5kPFzJTuOFwy7UniPli44NKQGAglksjvOcpo95aZA==}
    dev: false

  /typescript/4.6.3:
    resolution: {integrity: sha512-yNIatDa5iaofVozS/uQJEl3JRWLKKGJKh6Yaiv0GLGSuhpFJe7P3SbHZ8/yjAHRQwKRoA6YZqlfjXWmVzoVSMw==}
    engines: {node: '>=4.2.0'}
    hasBin: true
    dev: true

  /uuid/8.3.2:
    resolution: {integrity: sha512-+NYs2QeMWy+GWFOEm9xnn6HCDp0l7QBD7ml8zLUmJ+93Q5NF0NocErnwkTkXVFNiX3/fpC6afS8Dhb/gz7R7eg==}
    hasBin: true
    dev: false

  /vite/2.9.5:
    resolution: {integrity: sha512-dvMN64X2YEQgSXF1lYabKXw3BbN6e+BL67+P3Vy4MacnY+UzT1AfkHiioFSi9+uiDUiaDy7Ax/LQqivk6orilg==}
    engines: {node: '>=12.2.0'}
    hasBin: true
    peerDependencies:
      less: '*'
      sass: '*'
      stylus: '*'
    peerDependenciesMeta:
      less:
        optional: true
      sass:
        optional: true
      stylus:
        optional: true
    dependencies:
      esbuild: 0.14.38
      postcss: 8.4.12
      resolve: 1.22.0
      rollup: 2.70.2
    optionalDependencies:
      fsevents: 2.3.2
    dev: true

  /vue-demi/0.12.5_vue@3.2.33:
    resolution: {integrity: sha512-BREuTgTYlUr0zw0EZn3hnhC3I6gPWv+Kwh4MCih6QcAeaTlaIX0DwOVN0wHej7hSvDPecz4jygy/idsgKfW58Q==}
    engines: {node: '>=12'}
    hasBin: true
    requiresBuild: true
    peerDependencies:
      '@vue/composition-api': ^1.0.0-rc.1
      vue: ^3.0.0-0 || ^2.6.0
    peerDependenciesMeta:
      '@vue/composition-api':
        optional: true
    dependencies:
      vue: 3.2.33
    dev: false

  /vue-tsc/0.34.9_typescript@4.6.3:
    resolution: {integrity: sha512-uR4KIbhDqg5xAEenePfARq7rRgOKp8FJwe0HM1EUYfRLc0ZYZ97dr9WJ8yFlxzZEmfWYm/doWyBK5a5mvom9eg==}
    hasBin: true
    peerDependencies:
      typescript: '*'
    dependencies:
      '@volar/vue-typescript': 0.34.9
      typescript: 4.6.3
    dev: true

  /vue-types/4.1.1_vue@3.2.33:
    resolution: {integrity: sha512-Jq2GZ/w6rExJbLA/h7nHBFLciu+YNekgox0DB64wN1snZ4IIJMq+qnqp1/vE4fc7vEjZcP5KGhLzkkSjIHLRzw==}
    engines: {node: '>=12.16.0'}
    peerDependencies:
      vue: ^2.0.0 || ^3.0.0
    dependencies:
      is-plain-object: 5.0.0
      vue: 3.2.33
    dev: false

  /vue/3.2.33:
    resolution: {integrity: sha512-si1ExAlDUrLSIg/V7D/GgA4twJwfsfgG+t9w10z38HhL/HA07132pUQ2KuwAo8qbCyMJ9e6OqrmWrOCr+jW7ZQ==}
    dependencies:
      '@vue/compiler-dom': 3.2.33
      '@vue/compiler-sfc': 3.2.33
      '@vue/runtime-dom': 3.2.33
      '@vue/server-renderer': 3.2.33_vue@3.2.33
      '@vue/shared': 3.2.33
    dev: false

  /vue3-angle/0.1.6_vue@3.2.33:
    resolution: {integrity: sha512-XbGG4xWhbbbB4Ujj17wyy5GjfsvTQL8+P00eRj3Y2W239l1CvKGehemrr0f1+IJa+aJpHaPn4hB22ahLy67Iqw==}
    peerDependencies:
      vue: ^3.2.6
    dependencies:
      vue: 3.2.33
    dev: false

  /vue3-colorpicker/2.0.4_vue@3.2.33:
    resolution: {integrity: sha512-xCw/iho6t9irNqGG0VP+W3/awiuC+D4E7MDPS+CeO1qLqoLI7MdbQML0WwC2QEifd1cV7sqTVJ0JqxFjJSDGMg==}
    peerDependencies:
      vue: ^3.2.6
    dependencies:
      '@aesoper/normal-utils': 0.1.5
      '@popperjs/core': 2.11.5
      '@vueuse/core': 6.9.2_vue@3.2.33
      gradient-parser: 1.0.2
      lodash-es: 4.17.21
      tinycolor2: 1.4.2
      vue: 3.2.33
      vue-types: 4.1.1_vue@3.2.33
      vue3-angle: 0.1.6_vue@3.2.33
      vue3-normal-library: 0.1.6
    transitivePeerDependencies:
      - '@vue/compiler-sfc'
      - '@vue/composition-api'
    dev: false

  /vue3-normal-library/0.1.6:
    resolution: {integrity: sha512-TSqCeD092ETnjqamNKtXencLnG4a+NVWFZgalmyPtFH1FHvpxLP7eptT8krOL2sZVspficic8DghfDakw3tKRQ==}
    peerDependencies:
      '@vue/compiler-sfc': ^3.2.6
    dependencies:
      lodash-es: 4.17.21
      raf: 3.4.1
      vue: 3.2.33
      vue-types: 4.1.1_vue@3.2.33
    dev: false
